# THIS IS AN AUTOGENERATED FILE. DO NOT EDIT THIS FILE DIRECTLY.
# yarn lockfile v1


"@fullcalendar/core@^4.0.2":
  version "4.0.2"
  resolved "https://registry.yarnpkg.com/@fullcalendar/core/-/core-4.0.2.tgz#59ef822ba0c4bda60609d8b2d9f71bee8875505b"
  integrity sha512-5DBjqoQretok6L0GNpcqkr0HnCNDzRH0REWJDeTTyHGi62V+8MC3IqZkpmDrFITTkIyDrvf8GHl3WhTI0bjYPQ==

"@fullcalendar/interaction@^4.0.2":
  version "4.0.2"
  resolved "https://registry.yarnpkg.com/@fullcalendar/interaction/-/interaction-4.0.2.tgz#8459f3d89f9e0e56405e35c25513edf573e5a096"
  integrity sha512-AlOkSmeVI7fDGIGlbaqxHRXxL38SDEMUv6BW/2Cvu8eC7JsrshsHhCIAJE4N17M0RnTTkRwUjtroLZqnkPCHhg==
